
Microsoft Visual Studio Solution File, Format Version 12.00
# Visual Studio Version 17
VisualStudioVersion = 17.0.31903.59
MinimumVisualStudioVersion = 10.0.40219.1
Project("{FAE04EC0-301F-11D3-BF4B-00C04F79EFBC}") = "team-hub-auth", "team-hub-auth\team-hub-auth.csproj", "{8D493155-47C1-4F22-9344-731B58A99D7F}"
EndProject
Project("{FAE04EC0-301F-11D3-BF4B-00C04F79EFBC}") = "team-hub-auth.Tests", "team-hub-auth.Tests\team-hub-auth.Tests.csproj", "{9EBB32FD-7FAD-4D0E-A650-92A0397C3916}"
EndProject
Global
	GlobalSection(SolutionConfigurationPlatforms) = preSolution
		Debug|Any CPU = Debug|Any CPU
		Release|Any CPU = Release|Any CPU
	EndGlobalSection
	GlobalSection(SolutionProperties) = preSolution
		HideSolutionNode = FALSE
	EndGlobalSection
	GlobalSection(ProjectConfigurationPlatforms) = postSolution
		{8D493155-47C1-4F22-9344-731B58A99D7F}.Debug|Any CPU.ActiveCfg = Debug|Any CPU
		{8D493155-47C1-4F22-9344-731B58A99D7F}.Debug|Any CPU.Build.0 = Debug|Any CPU
		{8D493155-47C1-4F22-9344-731B58A99D7F}.Release|Any CPU.ActiveCfg = Release|Any CPU
		{8D493155-47C1-4F22-9344-731B58A99D7F}.Release|Any CPU.Build.0 = Release|Any CPU
		{9EBB32FD-7FAD-4D0E-A650-92A0397C3916}.Debug|Any CPU.ActiveCfg = Debug|Any CPU
		{9EBB32FD-7FAD-4D0E-A650-92A0397C3916}.Debug|Any CPU.Build.0 = Debug|Any CPU
		{9EBB32FD-7FAD-4D0E-A650-92A0397C3916}.Release|Any CPU.ActiveCfg = Release|Any CPU
		{9EBB32FD-7FAD-4D0E-A650-92A0397C3916}.Release|Any CPU.Build.0 = Release|Any CPU
	EndGlobalSection
EndGlobal
